{
  "requires": true,
  "lockfileVersion": 1,
  "dependencies": {
    "bootstrap": {
      "version": "4.1.1",
      "resolved": "https://onshift.jfrog.io/onshift/api/npm/npm-main/bootstrap/-/bootstrap-4.1.1.tgz?dl=https://registry.npmjs.org/bootstrap/-/bootstrap-4.1.1.tgz",
      "integrity": "sha1-OuyFAA+mGQhdqNLkmD39Z88hFMs="
    }
  }
}
